
Microsoft Visual Studio Solution File, Format Version 9.00
# Visual Studio 2005
Project("{8BC9CEB8-8B4A-11D0-8D11-00A0C91BC942}") = "Joystick", "Joystick.vcproj", "{DEA1CB97-4E70-48A0-BDBD-607B11A04A6F}"
	ProjectSection(WebsiteProperties) = preProject
		Debug.AspNetCompiler.Debug = "True"
		Release.AspNetCompiler.Debug = "False"
	EndProjectSection
EndProject
Project("{2150E333-8FDC-42A3-9474-1A3956D46DE8}") = "Solution Items", "Solution Items", "{77F3B5D6-7949-4AE2-9831-B373684AB103}"
	ProjectSection(WebsiteProperties) = preProject
		Debug.AspNetCompiler.Debug = "True"
		Release.AspNetCompiler.Debug = "False"
	EndProjectSection
	ProjectSection(SolutionItems) = preProject
		program.bat = program.bat
	EndProjectSection
EndProject
Global
	GlobalSection(SubversionScc) = preSolution
		Svn-Managed = True
		Manager = AnkhSVN - Subversion Support for Visual Studio
	EndGlobalSection
	GlobalSection(SolutionConfigurationPlatforms) = preSolution
		Debug|Win32 = Debug|Win32
		Release|Win32 = Release|Win32
	EndGlobalSection
	GlobalSection(ProjectConfigurationPlatforms) = postSolution
		{DEA1CB97-4E70-48A0-BDBD-607B11A04A6F}.Debug|Win32.ActiveCfg = Debug|Win32
		{DEA1CB97-4E70-48A0-BDBD-607B11A04A6F}.Debug|Win32.Build.0 = Debug|Win32
		{DEA1CB97-4E70-48A0-BDBD-607B11A04A6F}.Release|Win32.ActiveCfg = Release|Win32
		{DEA1CB97-4E70-48A0-BDBD-607B11A04A6F}.Release|Win32.Build.0 = Release|Win32
	EndGlobalSection
	GlobalSection(SolutionProperties) = preSolution
		HideSolutionNode = FALSE
	EndGlobalSection
EndGlobal
