<?xml version="1.0" encoding="utf-8"?>
<Project ToolsVersion="4.0" xmlns="http://schemas.microsoft.com/developer/msbuild/2003">
  <ItemGroup>
    <Filter Include="Source Files">
      <UniqueIdentifier>{4FC737F1-C7A5-4376-A066-2A32D752A2FF}</UniqueIdentifier>
      <Extensions>cpp;cxx;c;def</Extensions>
    </Filter>
    <Filter Include="Header Files">
      <UniqueIdentifier>{93995380-89BD-4b04-88EB-625FBE52EBFB}</UniqueIdentifier>
      <Extensions>h</Extensions>
    </Filter>
    <Filter Include="Form Files">
      <UniqueIdentifier>{99349809-55BA-4b9d-BF79-8FDBB0286EB3}</UniqueIdentifier>
      <Extensions>ui</Extensions>
    </Filter>
    <Filter Include="Resource Files">
      <UniqueIdentifier>{D9D6E242-F8AF-46E4-B9FD-80ECBC20BA3E}</UniqueIdentifier>
      <Extensions>qrc;*</Extensions>
      <ParseFiles>false</ParseFiles>
    </Filter>
    <Filter Include="Generated Files">
      <UniqueIdentifier>{71ED8ED8-ACB9-4CE9-BBE1-E00B30144E11}</UniqueIdentifier>
      <Extensions>moc;h;cpp</Extensions>
      <SourceControlFiles>False</SourceControlFiles>
    </Filter>
  </ItemGroup>
  <ItemGroup>
    <ClCompile Include="bytebuffer.cpp">
      <Filter>Source Files</Filter>
    </ClCompile>
    <ClCompile Include="configuration.cpp">
      <Filter>Source Files</Filter>
    </ClCompile>
    <ClCompile Include="configurationconfig.cpp">
      <Filter>Source Files</Filter>
    </ClCompile>
    <ClCompile Include="configurationdevice.cpp">
      <Filter>Source Files</Filter>
    </ClCompile>
    <ClCompile Include="configurationendpoint.cpp">
      <Filter>Source Files</Filter>
    </ClCompile>
    <ClCompile Include="configurationhid.cpp">
      <Filter>Source Files</Filter>
    </ClCompile>
    <ClCompile Include="configurationinterface.cpp">
      <Filter>Source Files</Filter>
    </ClCompile>
    <ClCompile Include="control.cpp">
      <Filter>Source Files</Filter>
    </ClCompile>
    <ClCompile Include="controlanalogencoder.cpp">
      <Filter>Source Files</Filter>
    </ClCompile>
    <ClCompile Include="controlbicolourled.cpp">
      <Filter>Source Files</Filter>
    </ClCompile>
    <ClCompile Include="controlcounter.cpp">
      <Filter>Source Files</Filter>
    </ClCompile>
    <ClCompile Include="controldigitalencoder.cpp">
      <Filter>Source Files</Filter>
    </ClCompile>
    <ClCompile Include="controldirectionalswitch.cpp">
      <Filter>Source Files</Filter>
    </ClCompile>
    <ClCompile Include="controldisplay.cpp">
      <Filter>Source Files</Filter>
    </ClCompile>
    <ClCompile Include="controlkeymatrix.cpp">
      <Filter>Source Files</Filter>
    </ClCompile>
    <ClCompile Include="controllcd.cpp">
      <Filter>Source Files</Filter>
    </ClCompile>
    <ClCompile Include="controllcd_spi.cpp">
      <Filter>Source Files</Filter>
    </ClCompile>
    <ClCompile Include="controlled.cpp">
      <Filter>Source Files</Filter>
    </ClCompile>
    <ClCompile Include="controlpotentiometer.cpp">
      <Filter>Source Files</Filter>
    </ClCompile>
    <ClCompile Include="controlpwm.cpp">
      <Filter>Source Files</Filter>
    </ClCompile>
    <ClCompile Include="controlrgbled.cpp">
      <Filter>Source Files</Filter>
    </ClCompile>
    <ClCompile Include="controlrotaryswitch.cpp">
      <Filter>Source Files</Filter>
    </ClCompile>
    <ClCompile Include="controlswitch.cpp">
      <Filter>Source Files</Filter>
    </ClCompile>
    <ClCompile Include="controltricolourled.cpp">
      <Filter>Source Files</Filter>
    </ClCompile>
    <ClCompile Include="hidreportdescriptorbuilder.cpp">
      <Filter>Source Files</Filter>
    </ClCompile>
    <ClCompile Include="makeeeprom.cpp">
      <Filter>Source Files</Filter>
    </ClCompile>
    <ClCompile Include="stdafx.cpp">
      <Filter>Source Files</Filter>
    </ClCompile>
    <ClCompile Include="stringtable.cpp">
      <Filter>Source Files</Filter>
    </ClCompile>
  </ItemGroup>
  <ItemGroup>
    <ClInclude Include="bytebuffer.h">
      <Filter>Header Files</Filter>
    </ClInclude>
    <ClInclude Include="configuration.h">
      <Filter>Header Files</Filter>
    </ClInclude>
    <ClInclude Include="configurationconfig.h">
      <Filter>Header Files</Filter>
    </ClInclude>
    <ClInclude Include="configurationdevice.h">
      <Filter>Header Files</Filter>
    </ClInclude>
    <ClInclude Include="configurationendpoint.h">
      <Filter>Header Files</Filter>
    </ClInclude>
    <ClInclude Include="configurationhid.h">
      <Filter>Header Files</Filter>
    </ClInclude>
    <ClInclude Include="configurationinterface.h">
      <Filter>Header Files</Filter>
    </ClInclude>
    <ClInclude Include="control.h">
      <Filter>Header Files</Filter>
    </ClInclude>
    <ClInclude Include="controlanalogencoder.h">
      <Filter>Header Files</Filter>
    </ClInclude>
    <ClInclude Include="controlbicolourled.h">
      <Filter>Header Files</Filter>
    </ClInclude>
    <ClInclude Include="controlcounter.h">
      <Filter>Header Files</Filter>
    </ClInclude>
    <ClInclude Include="controldigitalencoder.h">
      <Filter>Header Files</Filter>
    </ClInclude>
    <ClInclude Include="controldirectionalswitch.h">
      <Filter>Header Files</Filter>
    </ClInclude>
    <ClInclude Include="controldisplay.h">
      <Filter>Header Files</Filter>
    </ClInclude>
    <ClInclude Include="controlkeymatrix.h">
      <Filter>Header Files</Filter>
    </ClInclude>
    <ClInclude Include="controllcd.h">
      <Filter>Header Files</Filter>
    </ClInclude>
    <ClInclude Include="controllcd_spi.h">
      <Filter>Header Files</Filter>
    </ClInclude>
    <ClInclude Include="controlled.h">
      <Filter>Header Files</Filter>
    </ClInclude>
    <ClInclude Include="controlpotentiometer.h">
      <Filter>Header Files</Filter>
    </ClInclude>
    <ClInclude Include="controlpwm.h">
      <Filter>Header Files</Filter>
    </ClInclude>
    <ClInclude Include="controlrgbled.h">
      <Filter>Header Files</Filter>
    </ClInclude>
    <ClInclude Include="controlrotaryswitch.h">
      <Filter>Header Files</Filter>
    </ClInclude>
    <ClInclude Include="controlswitch.h">
      <Filter>Header Files</Filter>
    </ClInclude>
    <ClInclude Include="controltricolourled.h">
      <Filter>Header Files</Filter>
    </ClInclude>
    <ClInclude Include="..\include\datatypes.h">
      <Filter>Header Files</Filter>
    </ClInclude>
    <ClInclude Include="..\include\deviceconfig.h">
      <Filter>Header Files</Filter>
    </ClInclude>
    <ClInclude Include="hidreportdescriptorbuilder.h">
      <Filter>Header Files</Filter>
    </ClInclude>
    <ClInclude Include="makeeeprom.h">
      <Filter>Header Files</Filter>
    </ClInclude>
    <ClInclude Include="stdafx.h">
      <Filter>Header Files</Filter>
    </ClInclude>
    <ClInclude Include="stringtable.h">
      <Filter>Header Files</Filter>
    </ClInclude>
  </ItemGroup>
</Project>