<?xml version="1.0" encoding="utf-8"?>
<Project ToolsVersion="4.0" xmlns="http://schemas.microsoft.com/developer/msbuild/2003">
  <ItemGroup>
    <Filter Include="Source Files">
      <UniqueIdentifier>{4FC737F1-C7A5-4376-A066-2A32D752A2FF}</UniqueIdentifier>
      <Extensions>cpp;cxx;c;def</Extensions>
    </Filter>
    <Filter Include="Header Files">
      <UniqueIdentifier>{93995380-89BD-4b04-88EB-625FBE52EBFB}</UniqueIdentifier>
      <Extensions>h</Extensions>
    </Filter>
    <Filter Include="Form Files">
      <UniqueIdentifier>{99349809-55BA-4b9d-BF79-8FDBB0286EB3}</UniqueIdentifier>
      <Extensions>ui</Extensions>
    </Filter>
    <Filter Include="Resource Files">
      <UniqueIdentifier>{D9D6E242-F8AF-46E4-B9FD-80ECBC20BA3E}</UniqueIdentifier>
      <Extensions>qrc;*</Extensions>
      <ParseFiles>false</ParseFiles>
    </Filter>
    <Filter Include="Generated Files">
      <UniqueIdentifier>{71ED8ED8-ACB9-4CE9-BBE1-E00B30144E11}</UniqueIdentifier>
      <Extensions>moc;h;cpp</Extensions>
      <SourceControlFiles>False</SourceControlFiles>
    </Filter>
    <Filter Include="Generated Files\debug">
      <UniqueIdentifier>{ccff0006-30df-46ae-988c-e9ba00d5a9c1}</UniqueIdentifier>
    </Filter>
    <Filter Include="Generated Files\release">
      <UniqueIdentifier>{9635affe-2457-4feb-8797-5b8b3973dfe3}</UniqueIdentifier>
    </Filter>
    <Filter Include="Resources">
      <UniqueIdentifier>{cc49a6f0-3f17-47fb-ab8d-e4eeda524578}</UniqueIdentifier>
    </Filter>
  </ItemGroup>
  <ItemGroup>
    <ClCompile Include="hatswitchwidget.cpp">
      <Filter>Source Files</Filter>
    </ClCompile>
    <ClCompile Include="lcdwidget.cpp">
      <Filter>Source Files</Filter>
    </ClCompile>
    <ClCompile Include="mru.cpp">
      <Filter>Source Files</Filter>
    </ClCompile>
    <ClCompile Include="stdafx.cpp">
      <Filter>Source Files</Filter>
    </ClCompile>
    <ClCompile Include="generatedfiles\qrc_qtcommon.cpp">
      <Filter>Generated Files</Filter>
    </ClCompile>
    <ClCompile Include="generatedfiles\debug\moc_hatswitchwidget.cpp">
      <Filter>Generated Files\debug</Filter>
    </ClCompile>
    <ClCompile Include="GeneratedFiles\Debug\moc_lcdwidget.cpp">
      <Filter>Generated Files\debug</Filter>
    </ClCompile>
    <ClCompile Include="GeneratedFiles\Debug\moc_mru.cpp">
      <Filter>Generated Files\debug</Filter>
    </ClCompile>
    <ClCompile Include="generatedfiles\release\moc_hatswitchwidget.cpp">
      <Filter>Generated Files\release</Filter>
    </ClCompile>
    <ClCompile Include="GeneratedFiles\Release\moc_lcdwidget.cpp">
      <Filter>Generated Files\release</Filter>
    </ClCompile>
    <ClCompile Include="GeneratedFiles\Release\moc_mru.cpp">
      <Filter>Generated Files\release</Filter>
    </ClCompile>
  </ItemGroup>
  <ItemGroup>
    <ClInclude Include="lcdchar.h">
      <Filter>Header Files</Filter>
    </ClInclude>
    <ClInclude Include="stdafx.h">
      <Filter>Header Files</Filter>
    </ClInclude>
  </ItemGroup>
  <ItemGroup>
    <None Include="resources\hatarrow.bmp">
      <Filter>Resources</Filter>
    </None>
    <None Include="resources\hatarrowhi.bmp">
      <Filter>Resources</Filter>
    </None>
    <None Include="resources\hatdot.bmp">
      <Filter>Resources</Filter>
    </None>
    <None Include="resources\hatdothi.bmp">
      <Filter>Resources</Filter>
    </None>
  </ItemGroup>
  <ItemGroup>
    <CustomBuild Include="hatswitchwidget.h">
      <Filter>Header Files</Filter>
    </CustomBuild>
    <CustomBuild Include="lcdwidget.h">
      <Filter>Header Files</Filter>
    </CustomBuild>
    <CustomBuild Include="mru.h">
      <Filter>Header Files</Filter>
    </CustomBuild>
    <CustomBuild Include="qtcommon.qrc">
      <Filter>Resource Files</Filter>
    </CustomBuild>
  </ItemGroup>
</Project>