
Microsoft Visual Studio Solution File, Format Version 9.00
# Visual Studio 2005
Project("{8BC9CEB8-8B4A-11D0-8D11-00A0C91BC942}") = "Joystick", "Joystick.vcproj", "{4F8D07F9-DF13-4377-A0AA-E1FDC27A0808}"
EndProject
Global
	GlobalSection(SolutionConfigurationPlatforms) = preSolution
		Teensy++ 2.0|Win32 = Teensy++ 2.0|Win32
		USB Key|Win32 = USB Key|Win32
	EndGlobalSection
	GlobalSection(ProjectConfigurationPlatforms) = postSolution
		{4F8D07F9-DF13-4377-A0AA-E1FDC27A0808}.Teensy++ 2.0|Win32.ActiveCfg = Teensy++ 2.0|Win32
		{4F8D07F9-DF13-4377-A0AA-E1FDC27A0808}.Teensy++ 2.0|Win32.Build.0 = Teensy++ 2.0|Win32
		{4F8D07F9-DF13-4377-A0AA-E1FDC27A0808}.USB Key|Win32.ActiveCfg = USB Key|Win32
		{4F8D07F9-DF13-4377-A0AA-E1FDC27A0808}.USB Key|Win32.Build.0 = USB Key|Win32
	EndGlobalSection
	GlobalSection(SolutionProperties) = preSolution
		HideSolutionNode = FALSE
	EndGlobalSection
EndGlobal
